Microsoft Visual Studio Solution File, Format Version 12.00
# Visual Studio Version 17
VisualStudioVersion = 17.0.31423.177
MinimumVisualStudioVersion = 10.0.40219.1
Project("{9A19103F-16F7-4668-BE54-9A1E7A4F7556}") = "TestImmediateAcceptAdapter", "TestImmediateAcceptAdapter\TestImmediateAcceptAdapter.csproj", "{655E8121-F219-4C2A-953B-BF96AB35D658}"
EndProject
Global
	GlobalSection(SolutionConfigurationPlatforms) = preSolution
		Debug|Any CPU = Debug|Any CPU
		Release|Any CPU = Release|Any CPU
	EndGlobalSection
	GlobalSection(ProjectConfigurationPlatforms) = postSolution
		{655E8121-F219-4C2A-953B-BF96AB35D658}.Debug|Any CPU.ActiveCfg = Debug|Any CPU
		{655E8121-F219-4C2A-953B-BF96AB35D658}.Debug|Any CPU.Build.0 = Debug|Any CPU
		{655E8121-F219-4C2A-953B-BF96AB35D658}.Release|Any CPU.ActiveCfg = Release|Any CPU
		{655E8121-F219-4C2A-953B-BF96AB35D658}.Release|Any CPU.Build.0 = Release|Any CPU
	EndGlobalSection
	GlobalSection(SolutionProperties) = preSolution
		HideSolutionNode = FALSE
	EndGlobalSection
	GlobalSection(ExtensibilityGlobals) = postSolution
		SolutionGuid = {7311DF50-EEAA-4F49-89A0-1936F6F984DA}
	EndGlobalSection
EndGlobal
